// !$*UTF8*$!
{
	archiveVersion = 1;
	classes = {
	};
	objectVersion = 77;
	objects = {

/* Begin PBXBuildFile section */
		9999305A2EC0E00C0070C591 /* LineSDK in Frameworks */ = {isa = PBXBuildFile; productRef = 999930592EC0E00C0070C591 /* LineSDK */; };
		9999305C2EC0E00C0070C591 /* LineSDKObjC in Frameworks */ = {isa = PBXBuildFile; productRef = 9999305B2EC0E00C0070C591 /* LineSDKObjC */; };
/* End PBXBuildFile section */

/* Begin PBXContainerItemProxy section */
		99D89CF22E8C58220020FBD2 /* PBXContainerItemProxy */ = {
			isa = PBXContainerItemProxy;
			containerPortal = 99D89CD72E8C581F0020FBD2 /* Project object */;
			proxyType = 1;
			remoteGlobalIDString = 99D89CDE2E8C581F0020FBD2;
			remoteInfo = "line-trip-list";
		};
		99D89CFC2E8C58220020FBD2 /* PBXContainerItemProxy */ = {
			isa = PBXContainerItemProxy;
			containerPortal = 99D89CD72E8C581F0020FBD2 /* Project object */;
			proxyType = 1;
			remoteGlobalIDString = 99D89CDE2E8C581F0020FBD2;
			remoteInfo = "line-trip-list";
		};
/* End PBXContainerItemProxy section */

/* Begin PBXFileReference section */
		99D89CDF2E8C581F0020FBD2 /* line-trip-list.app */ = {isa = PBXFileReference; explicitFileType = wrapper.application; includeInIndex = 0; path = "line-trip-list.app"; sourceTree = BUILT_PRODUCTS_DIR; };
		99D89CF12E8C58220020FBD2 /* line-trip-listTests.xctest */ = {isa = PBXFileReference; explicitFileType = wrapper.cfbundle; includeInIndex = 0; path = "line-trip-listTests.xctest"; sourceTree = BUILT_PRODUCTS_DIR; };
		99D89CFB2E8C58220020FBD2 /* line-trip-listUITests.xctest */ = {isa = PBXFileReference; explicitFileType = wrapper.cfbundle; includeInIndex = 0; path = "line-trip-listUITests.xctest"; sourceTree = BUILT_PRODUCTS_DIR; };
/* End PBXFileReference section */

/* Begin PBXFileSystemSynchronizedBuildFileExceptionSet section */
		9999305E2EC0E1400070C591 /* Exceptions for "line-trip-list" folder in "line-trip-list" target */ = {
			isa = PBXFileSystemSynchronizedBuildFileExceptionSet;
			membershipExceptions = (
				Info.plist,
			);
			target = 99D89CDE2E8C581F0020FBD2 /* line-trip-list */;
		};
/* End PBXFileSystemSynchronizedBuildFileExceptionSet section */

/* Begin PBXFileSystemSynchronizedRootGroup section */
		99D89CE12E8C581F0020FBD2 /* line-trip-list */ = {
			isa = PBXFileSystemSynchronizedRootGroup;
			exceptions = (
				9999305E2EC0E1400070C591 /* Exceptions for "line-trip-list" folder in "line-trip-list" target */,
			);
			path = "line-trip-list";
			sourceTree = "<group>";
		};
		99D89CF42E8C58220020FBD2 /* line-trip-listTests */ = {
			isa = PBXFileSystemSynchronizedRootGroup;
			path = "line-trip-listTests";
			sourceTree = "<group>";
		};
		99D89CFE2E8C58220020FBD2 /* line-trip-listUITests */ = {
			isa = PBXFileSystemSynchronizedRootGroup;
			path = "line-trip-listUITests";
			sourceTree = "<group>";
		};
/* End PBXFileSystemSynchronizedRootGroup section */

/* Begin PBXFrameworksBuildPhase section */
		99D89CDC2E8C581F0020FBD2 /* Frameworks */ = {
			isa = PBXFrameworksBuildPhase;
			buildActionMask = 2147483647;
			files = (
				9999305A2EC0E00C0070C591 /* LineSDK in Frameworks */,
				9999305C2EC0E00C0070C591 /* LineSDKObjC in Frameworks */,
			);
			runOnlyForDeploymentPostprocessing = 0;
		};
		99D89CEE2E8C58220020FBD2 /* Frameworks */ = {
			isa = PBXFrameworksBuildPhase;
			buildActionMask = 2147483647;
			files = (
			);
			runOnlyForDeploymentPostprocessing = 0;
		};
		99D89CF82E8C58220020FBD2 /* Frameworks */ = {
			isa = PBXFrameworksBuildPhase;
			buildActionMask = 2147483647;
			files = (
			);
			runOnlyForDeploymentPostprocessing = 0;
		};
/* End PBXFrameworksBuildPhase section */

/* Begin PBXGroup section */
		99D89CD62E8C581F0020FBD2 = {
			isa = PBXGroup;
			children = (
				99D89CE12E8C581F0020FBD2 /* line-trip-list */,
				99D89CF42E8C58220020FBD2 /* line-trip-listTests */,
				99D89CFE2E8C58220020FBD2 /* line-trip-listUITests */,
				99D89CE02E8C581F0020FBD2 /* Products */,
			);
			sourceTree = "<group>";
		};
		99D89CE02E8C581F0020FBD2 /* Products */ = {
			isa = PBXGroup;
			children = (
				99D89CDF2E8C581F0020FBD2 /* line-trip-list.app */,
				99D89CF12E8C58220020FBD2 /* line-trip-listTests.xctest */,
				99D89CFB2E8C58220020FBD2 /* line-trip-listUITests.xctest */,
			);
			name = Products;
			sourceTree = "<group>";
		};
/* End PBXGroup section */

/* Begin PBXNativeTarget section */
		99D89CDE2E8C581F0020FBD2 /* line-trip-list */ = {
			isa = PBXNativeTarget;
			buildConfigurationList = 99D89D052E8C58220020FBD2 /* Build configuration list for PBXNativeTarget "line-trip-list" */;
			buildPhases = (
				99D89CDB2E8C581F0020FBD2 /* Sources */,
				99D89CDC2E8C581F0020FBD2 /* Frameworks */,
				99D89CDD2E8C581F0020FBD2 /* Resources */,
			);
			buildRules = (
			);
			dependencies = (
			);
			fileSystemSynchronizedGroups = (
				99D89CE12E8C581F0020FBD2 /* line-trip-list */,
			);
			name = "line-trip-list";
			packageProductDependencies = (
				999930592EC0E00C0070C591 /* LineSDK */,
				9999305B2EC0E00C0070C591 /* LineSDKObjC */,
			);
			productName = "line-trip-list";
			productReference = 99D89CDF2E8C581F0020FBD2 /* line-trip-list.app */;
			productType = "com.apple.product-type.application";
		};
		99D89CF02E8C58220020FBD2 /* line-trip-listTests */ = {
			isa = PBXNativeTarget;
			buildConfigurationList = 99D89D082E8C58220020FBD2 /* Build configuration list for PBXNativeTarget "line-trip-listTests" */;
			buildPhases = (
				99D89CED2E8C58220020FBD2 /* Sources */,
				99D89CEE2E8C58220020FBD2 /* Frameworks */,
				99D89CEF2E8C58220020FBD2 /* Resources */,
			);
			buildRules = (
			);
			dependencies = (
				99D89CF32E8C58220020FBD2 /* PBXTargetDependency */,
			);
			fileSystemSynchronizedGroups = (
				99D89CF42E8C58220020FBD2 /* line-trip-listTests */,
			);
			name = "line-trip-listTests";
			packageProductDependencies = (
			);
			productName = "line-trip-listTests";
			productReference = 99D89CF12E8C58220020FBD2 /* line-trip-listTests.xctest */;
			productType = "com.apple.product-type.bundle.unit-test";
		};
		99D89CFA2E8C58220020FBD2 /* line-trip-listUITests */ = {
			isa = PBXNativeTarget;
			buildConfigurationList = 99D89D0B2E8C58220020FBD2 /* Build configuration list for PBXNativeTarget "line-trip-listUITests" */;
			buildPhases = (
				99D89CF72E8C58220020FBD2 /* Sources */,
				99D89CF82E8C58220020FBD2 /* Frameworks */,
				99D89CF92E8C58220020FBD2 /* Resources */,
			);
			buildRules = (
			);
			dependencies = (
				99D89CFD2E8C58220020FBD2 /* PBXTargetDependency */,
			);
			fileSystemSynchronizedGroups = (
				99D89CFE2E8C58220020FBD2 /* line-trip-listUITests */,
			);
			name = "line-trip-listUITests";
			packageProductDependencies = (
			);
			productName = "line-trip-listUITests";
			productReference = 99D89CFB2E8C58220020FBD2 /* line-trip-listUITests.xctest */;
			productType = "com.apple.product-type.bundle.ui-testing";
		};
/* End PBXNativeTarget section */

/* Begin PBXProject section */
		99D89CD72E8C581F0020FBD2 /* Project object */ = {
			isa = PBXProject;
			attributes = {
				BuildIndependentTargetsInParallel = 1;
				LastSwiftUpdateCheck = 1600;
				LastUpgradeCheck = 1600;
				TargetAttributes = {
					99D89CDE2E8C581F0020FBD2 = {
						CreatedOnToolsVersion = 16.0;
					};
					99D89CF02E8C58220020FBD2 = {
						CreatedOnToolsVersion = 16.0;
						TestTargetID = 99D89CDE2E8C581F0020FBD2;
					};
					99D89CFA2E8C58220020FBD2 = {
						CreatedOnToolsVersion = 16.0;
						TestTargetID = 99D89CDE2E8C581F0020FBD2;
					};
				};
			};
			buildConfigurationList = 99D89CDA2E8C581F0020FBD2 /* Build configuration list for PBXProject "line-trip-list" */;
			developmentRegion = en;
			hasScannedForEncodings = 0;
			knownRegions = (
				en,
				Base,
			);
			mainGroup = 99D89CD62E8C581F0020FBD2;
			minimizedProjectReferenceProxies = 1;
			packageReferences = (
				999930582EC0E00C0070C591 /* XCRemoteSwiftPackageReference "line-sdk-ios-swift" */,
			);
			preferredProjectObjectVersion = 77;
			productRefGroup = 99D89CE02E8C581F0020FBD2 /* Products */;
			projectDirPath = "";
			projectRoot = "";
			targets = (
				99D89CDE2E8C581F0020FBD2 /* line-trip-list */,
				99D89CF02E8C58220020FBD2 /* line-trip-listTests */,
				99D89CFA2E8C58220020FBD2 /* line-trip-listUITests */,
			);
		};
/* End PBXProject section */

/* Begin PBXResourcesBuildPhase section */
		99D89CDD2E8C581F0020FBD2 /* Resources */ = {
			isa = PBXResourcesBuildPhase;
			buildActionMask = 2147483647;
			files = (
			);
			runOnlyForDeploymentPostprocessing = 0;
		};
		99D89CEF2E8C58220020FBD2 /* Resources */ = {
			isa = PBXResourcesBuildPhase;
			buildActionMask = 2147483647;
			files = (
			);
			runOnlyForDeploymentPostprocessing = 0;
		};
		99D89CF92E8C58220020FBD2 /* Resources */ = {
			isa = PBXResourcesBuildPhase;
			buildActionMask = 2147483647;
			files = (
			);
			runOnlyForDeploymentPostprocessing = 0;
		};
/* End PBXResourcesBuildPhase section */

/* Begin PBXSourcesBuildPhase section */
		99D89CDB2E8C581F0020FBD2 /* Sources */ = {
			isa = PBXSourcesBuildPhase;
			buildActionMask = 2147483647;
			files = (
			);
			runOnlyForDeploymentPostprocessing = 0;
		};
		99D89CED2E8C58220020FBD2 /* Sources */ = {
			isa = PBXSourcesBuildPhase;
			buildActionMask = 2147483647;
			files = (
			);
			runOnlyForDeploymentPostprocessing = 0;
		};
		99D89CF72E8C58220020FBD2 /* Sources */ = {
			isa = PBXSourcesBuildPhase;
			buildActionMask = 2147483647;
			files = (
			);
			runOnlyForDeploymentPostprocessing = 0;
		};
/* End PBXSourcesBuildPhase section */

/* Begin PBXTargetDependency section */
		99D89CF32E8C58220020FBD2 /* PBXTargetDependency */ = {
			isa = PBXTargetDependency;
			target = 99D89CDE2E8C581F0020FBD2 /* line-trip-list */;
			targetProxy = 99D89CF22E8C58220020FBD2 /* PBXContainerItemProxy */;
		};
		99D89CFD2E8C58220020FBD2 /* PBXTargetDependency */ = {
			isa = PBXTargetDependency;
			target = 99D89CDE2E8C581F0020FBD2 /* line-trip-list */;
			targetProxy = 99D89CFC2E8C58220020FBD2 /* PBXContainerItemProxy */;
		};
/* End PBXTargetDependency section */

/* Begin XCBuildConfiguration section */
		99D89D032E8C58220020FBD2 /* Debug */ = {
			isa = XCBuildConfiguration;
			buildSettings = {
				ALWAYS_SEARCH_USER_PATHS = NO;
				ASSETCATALOG_COMPILER_GENERATE_SWIFT_ASSET_SYMBOL_EXTENSIONS = YES;
				CLANG_ANALYZER_NONNULL = YES;
				CLANG_ANALYZER_NUMBER_OBJECT_CONVERSION = YES_AGGRESSIVE;
				CLANG_CXX_LANGUAGE_STANDARD = "gnu++20";
				CLANG_ENABLE_MODULES = YES;
				CLANG_ENABLE_OBJC_ARC = YES;
				CLANG_ENABLE_OBJC_WEAK = YES;
				CLANG_WARN_BLOCK_CAPTURE_AUTORELEASING = YES;
				CLANG_WARN_BOOL_CONVERSION = YES;
				CLANG_WARN_COMMA = YES;
				CLANG_WARN_CONSTANT_CONVERSION = YES;
				CLANG_WARN_DEPRECATED_OBJC_IMPLEMENTATIONS = YES;
				CLANG_WARN_DIRECT_OBJC_ISA_USAGE = YES_ERROR;
				CLANG_WARN_DOCUMENTATION_COMMENTS = YES;
				CLANG_WARN_EMPTY_BODY = YES;
				CLANG_WARN_ENUM_CONVERSION = YES;
				CLANG_WARN_INFINITE_RECURSION = YES;
				CLANG_WARN_INT_CONVERSION = YES;
				CLANG_WARN_NON_LITERAL_NULL_CONVERSION = YES;
				CLANG_WARN_OBJC_IMPLICIT_RETAIN_SELF = YES;
				CLANG_WARN_OBJC_LITERAL_CONVERSION = YES;
				CLANG_WARN_OBJC_ROOT_CLASS = YES_ERROR;
				CLANG_WARN_QUOTED_INCLUDE_IN_FRAMEWORK_HEADER = YES;
				CLANG_WARN_RANGE_LOOP_ANALYSIS = YES;
				CLANG_WARN_STRICT_PROTOTYPES = YES;
				CLANG_WARN_SUSPICIOUS_MOVE = YES;
				CLANG_WARN_UNGUARDED_AVAILABILITY = YES_AGGRESSIVE;
				CLANG_WARN_UNREACHABLE_CODE = YES;
				CLANG_WARN__DUPLICATE_METHOD_MATCH = YES;
				COPY_PHASE_STRIP = NO;
				DEBUG_INFORMATION_FORMAT = dwarf;
				ENABLE_STRICT_OBJC_MSGSEND = YES;
				ENABLE_TESTABILITY = YES;
				ENABLE_USER_SCRIPT_SANDBOXING = YES;
				GCC_C_LANGUAGE_STANDARD = gnu17;
				GCC_DYNAMIC_NO_PIC = NO;
				GCC_NO_COMMON_BLOCKS = YES;
				GCC_OPTIMIZATION_LEVEL = 0;
				GCC_PREPROCESSOR_DEFINITIONS = (
					"DEBUG=1",
					"$(inherited)",
				);
				GCC_WARN_64_TO_32_BIT_CONVERSION = YES;
				GCC_WARN_ABOUT_RETURN_TYPE = YES_ERROR;
				GCC_WARN_UNDECLARED_SELECTOR = YES;
				GCC_WARN_UNINITIALIZED_AUTOS = YES_AGGRESSIVE;
				GCC_WARN_UNUSED_FUNCTION = YES;
				GCC_WARN_UNUSED_VARIABLE = YES;
				IPHONEOS_DEPLOYMENT_TARGET = 18.0;
				LOCALIZATION_PREFERS_STRING_CATALOGS = YES;
				MTL_ENABLE_DEBUG_INFO = INCLUDE_SOURCE;
				MTL_FAST_MATH = YES;
				ONLY_ACTIVE_ARCH = YES;
				SDKROOT = iphoneos;
				SWIFT_ACTIVE_COMPILATION_CONDITIONS = "DEBUG $(inherited)";
				SWIFT_OPTIMIZATION_LEVEL = "-Onone";
			};
			name = Debug;
		};
		99D89D042E8C58220020FBD2 /* Release */ = {
			isa = XCBuildConfiguration;
			buildSettings = {
				ALWAYS_SEARCH_USER_PATHS = NO;
				ASSETCATALOG_COMPILER_GENERATE_SWIFT_ASSET_SYMBOL_EXTENSIONS = YES;
				CLANG_ANALYZER_NONNULL = YES;
				CLANG_ANALYZER_NUMBER_OBJECT_CONVERSION = YES_AGGRESSIVE;
				CLANG_CXX_LANGUAGE_STANDARD = "gnu++20";
				CLANG_ENABLE_MODULES = YES;
				CLANG_ENABLE_OBJC_ARC = YES;
				CLANG_ENABLE_OBJC_WEAK = YES;
				CLANG_WARN_BLOCK_CAPTURE_AUTORELEASING = YES;
				CLANG_WARN_BOOL_CONVERSION = YES;
				CLANG_WARN_COMMA = YES;
				CLANG_WARN_CONSTANT_CONVERSION = YES;
				CLANG_WARN_DEPRECATED_OBJC_IMPLEMENTATIONS = YES;
				CLANG_WARN_DIRECT_OBJC_ISA_USAGE = YES_ERROR;
				CLANG_WARN_DOCUMENTATION_COMMENTS = YES;
				CLANG_WARN_EMPTY_BODY = YES;
				CLANG_WARN_ENUM_CONVERSION = YES;
				CLANG_WARN_INFINITE_RECURSION = YES;
				CLANG_WARN_INT_CONVERSION = YES;
				CLANG_WARN_NON_LITERAL_NULL_CONVERSION = YES;
				CLANG_WARN_OBJC_IMPLICIT_RETAIN_SELF = YES;
				CLANG_WARN_OBJC_LITERAL_CONVERSION = YES;
				CLANG_WARN_OBJC_ROOT_CLASS = YES_ERROR;
				CLANG_WARN_QUOTED_INCLUDE_IN_FRAMEWORK_HEADER = YES;
				CLANG_WARN_RANGE_LOOP_ANALYSIS = YES;
				CLANG_WARN_STRICT_PROTOTYPES = YES;
				CLANG_WARN_SUSPICIOUS_MOVE = YES;
				CLANG_WARN_UNGUARDED_AVAILABILITY = YES_AGGRESSIVE;
				CLANG_WARN_UNREACHABLE_CODE = YES;
				CLANG_WARN__DUPLICATE_METHOD_MATCH = YES;
				COPY_PHASE_STRIP = NO;
				DEBUG_INFORMATION_FORMAT = "dwarf-with-dsym";
				ENABLE_NS_ASSERTIONS = NO;
				ENABLE_STRICT_OBJC_MSGSEND = YES;
				ENABLE_USER_SCRIPT_SANDBOXING = YES;
				GCC_C_LANGUAGE_STANDARD = gnu17;
				GCC_NO_COMMON_BLOCKS = YES;
				GCC_WARN_64_TO_32_BIT_CONVERSION = YES;
				GCC_WARN_ABOUT_RETURN_TYPE = YES_ERROR;
				GCC_WARN_UNDECLARED_SELECTOR = YES;
				GCC_WARN_UNINITIALIZED_AUTOS = YES_AGGRESSIVE;
				GCC_WARN_UNUSED_FUNCTION = YES;
				GCC_WARN_UNUSED_VARIABLE = YES;
				IPHONEOS_DEPLOYMENT_TARGET = 18.0;
				LOCALIZATION_PREFERS_STRING_CATALOGS = YES;
				MTL_ENABLE_DEBUG_INFO = NO;
				MTL_FAST_MATH = YES;
				SDKROOT = iphoneos;
				SWIFT_COMPILATION_MODE = wholemodule;
				VALIDATE_PRODUCT = YES;
			};
			name = Release;
		};
		99D89D062E8C58220020FBD2 /* Debug */ = {
			isa = XCBuildConfiguration;
			buildSettings = {
				ASSETCATALOG_COMPILER_APPICON_NAME = AppIcon;
				ASSETCATALOG_COMPILER_GLOBAL_ACCENT_COLOR_NAME = AccentColor;
				CODE_SIGN_STYLE = Automatic;
				CURRENT_PROJECT_VERSION = 1;
				DEVELOPMENT_ASSET_PATHS = "\"line-trip-list/Preview Content\"";
				DEVELOPMENT_TEAM = 52LU863YVH;
				ENABLE_PREVIEWS = YES;
				GENERATE_INFOPLIST_FILE = YES;
				INFOPLIST_FILE = "line-trip-list/Info.plist";
				INFOPLIST_KEY_UIApplicationSceneManifest_Generation = YES;
				INFOPLIST_KEY_UIApplicationSupportsIndirectInputEvents = YES;
				INFOPLIST_KEY_UILaunchScreen_Generation = YES;
				INFOPLIST_KEY_UISupportedInterfaceOrientations_iPad = "UIInterfaceOrientationPortrait UIInterfaceOrientationPortraitUpsideDown UIInterfaceOrientationLandscapeLeft UIInterfaceOrientationLandscapeRight";
				INFOPLIST_KEY_UISupportedInterfaceOrientations_iPhone = "UIInterfaceOrientationPortrait UIInterfaceOrientationLandscapeLeft UIInterfaceOrientationLandscapeRight";
				LD_RUNPATH_SEARCH_PATHS = (
					"$(inherited)",
					"@executable_path/Frameworks",
				);
				MARKETING_VERSION = 1.0;
				PRODUCT_BUNDLE_IDENTIFIER = "com.takuto.line-trip-list";
				PRODUCT_NAME = "$(TARGET_NAME)";
				SWIFT_EMIT_LOC_STRINGS = YES;
				SWIFT_VERSION = 5.0;
				TARGETED_DEVICE_FAMILY = "1,2";
			};
			name = Debug;
		};
		99D89D072E8C58220020FBD2 /* Release */ = {
			isa = XCBuildConfiguration;
			buildSettings = {
				ASSETCATALOG_COMPILER_APPICON_NAME = AppIcon;
				ASSETCATALOG_COMPILER_GLOBAL_ACCENT_COLOR_NAME = AccentColor;
				CODE_SIGN_STYLE = Automatic;
				CURRENT_PROJECT_VERSION = 1;
				DEVELOPMENT_ASSET_PATHS = "\"line-trip-list/Preview Content\"";
				DEVELOPMENT_TEAM = 52LU863YVH;
				ENABLE_PREVIEWS = YES;
				GENERATE_INFOPLIST_FILE = YES;
				INFOPLIST_FILE = "line-trip-list/Info.plist";
				INFOPLIST_KEY_UIApplicationSceneManifest_Generation = YES;
				INFOPLIST_KEY_UIApplicationSupportsIndirectInputEvents = YES;
				INFOPLIST_KEY_UILaunchScreen_Generation = YES;
				INFOPLIST_KEY_UISupportedInterfaceOrientations_iPad = "UIInterfaceOrientationPortrait UIInterfaceOrientationPortraitUpsideDown UIInterfaceOrientationLandscapeLeft UIInterfaceOrientationLandscapeRight";
				INFOPLIST_KEY_UISupportedInterfaceOrientations_iPhone = "UIInterfaceOrientationPortrait UIInterfaceOrientationLandscapeLeft UIInterfaceOrientationLandscapeRight";
				LD_RUNPATH_SEARCH_PATHS = (
					"$(inherited)",
					"@executable_path/Frameworks",
				);
				MARKETING_VERSION = 1.0;
				PRODUCT_BUNDLE_IDENTIFIER = "com.takuto.line-trip-list";
				PRODUCT_NAME = "$(TARGET_NAME)";
				SWIFT_EMIT_LOC_STRINGS = YES;
				SWIFT_VERSION = 5.0;
				TARGETED_DEVICE_FAMILY = "1,2";
			};
			name = Release;
		};
		99D89D092E8C58220020FBD2 /* Debug */ = {
			isa = XCBuildConfiguration;
			buildSettings = {
				BUNDLE_LOADER = "$(TEST_HOST)";
				CODE_SIGN_STYLE = Automatic;
				CURRENT_PROJECT_VERSION = 1;
				DEVELOPMENT_TEAM = 52LU863YVH;
				GENERATE_INFOPLIST_FILE = YES;
				IPHONEOS_DEPLOYMENT_TARGET = 18.0;
				MARKETING_VERSION = 1.0;
				PRODUCT_BUNDLE_IDENTIFIER = "com.takuto.line-trip-listTests";
				PRODUCT_NAME = "$(TARGET_NAME)";
				SWIFT_EMIT_LOC_STRINGS = NO;
				SWIFT_VERSION = 5.0;
				TARGETED_DEVICE_FAMILY = "1,2";
				TEST_HOST = "$(BUILT_PRODUCTS_DIR)/line-trip-list.app/$(BUNDLE_EXECUTABLE_FOLDER_PATH)/line-trip-list";
			};
			name = Debug;
		};
		99D89D0A2E8C58220020FBD2 /* Release */ = {
			isa = XCBuildConfiguration;
			buildSettings = {
				BUNDLE_LOADER = "$(TEST_HOST)";
				CODE_SIGN_STYLE = Automatic;
				CURRENT_PROJECT_VERSION = 1;
				DEVELOPMENT_TEAM = 52LU863YVH;
				GENERATE_INFOPLIST_FILE = YES;
				IPHONEOS_DEPLOYMENT_TARGET = 18.0;
				MARKETING_VERSION = 1.0;
				PRODUCT_BUNDLE_IDENTIFIER = "com.takuto.line-trip-listTests";
				PRODUCT_NAME = "$(TARGET_NAME)";
				SWIFT_EMIT_LOC_STRINGS = NO;
				SWIFT_VERSION = 5.0;
				TARGETED_DEVICE_FAMILY = "1,2";
				TEST_HOST = "$(BUILT_PRODUCTS_DIR)/line-trip-list.app/$(BUNDLE_EXECUTABLE_FOLDER_PATH)/line-trip-list";
			};
			name = Release;
		};
		99D89D0C2E8C58220020FBD2 /* Debug */ = {
			isa = XCBuildConfiguration;
			buildSettings = {
				CODE_SIGN_STYLE = Automatic;
				CURRENT_PROJECT_VERSION = 1;
				DEVELOPMENT_TEAM = 52LU863YVH;
				GENERATE_INFOPLIST_FILE = YES;
				MARKETING_VERSION = 1.0;
				PRODUCT_BUNDLE_IDENTIFIER = "com.takuto.line-trip-listUITests";
				PRODUCT_NAME = "$(TARGET_NAME)";
				SWIFT_EMIT_LOC_STRINGS = NO;
				SWIFT_VERSION = 5.0;
				TARGETED_DEVICE_FAMILY = "1,2";
				TEST_TARGET_NAME = "line-trip-list";
			};
			name = Debug;
		};
		99D89D0D2E8C58220020FBD2 /* Release */ = {
			isa = XCBuildConfiguration;
			buildSettings = {
				CODE_SIGN_STYLE = Automatic;
				CURRENT_PROJECT_VERSION = 1;
				DEVELOPMENT_TEAM = 52LU863YVH;
				GENERATE_INFOPLIST_FILE = YES;
				MARKETING_VERSION = 1.0;
				PRODUCT_BUNDLE_IDENTIFIER = "com.takuto.line-trip-listUITests";
				PRODUCT_NAME = "$(TARGET_NAME)";
				SWIFT_EMIT_LOC_STRINGS = NO;
				SWIFT_VERSION = 5.0;
				TARGETED_DEVICE_FAMILY = "1,2";
				TEST_TARGET_NAME = "line-trip-list";
			};
			name = Release;
		};
/* End XCBuildConfiguration section */

/* Begin XCConfigurationList section */
		99D89CDA2E8C581F0020FBD2 /* Build configuration list for PBXProject "line-trip-list" */ = {
			isa = XCConfigurationList;
			buildConfigurations = (
				99D89D032E8C58220020FBD2 /* Debug */,
				99D89D042E8C58220020FBD2 /* Release */,
			);
			defaultConfigurationIsVisible = 0;
			defaultConfigurationName = Release;
		};
		99D89D052E8C58220020FBD2 /* Build configuration list for PBXNativeTarget "line-trip-list" */ = {
			isa = XCConfigurationList;
			buildConfigurations = (
				99D89D062E8C58220020FBD2 /* Debug */,
				99D89D072E8C58220020FBD2 /* Release */,
			);
			defaultConfigurationIsVisible = 0;
			defaultConfigurationName = Release;
		};
		99D89D082E8C58220020FBD2 /* Build configuration list for PBXNativeTarget "line-trip-listTests" */ = {
			isa = XCConfigurationList;
			buildConfigurations = (
				99D89D092E8C58220020FBD2 /* Debug */,
				99D89D0A2E8C58220020FBD2 /* Release */,
			);
			defaultConfigurationIsVisible = 0;
			defaultConfigurationName = Release;
		};
		99D89D0B2E8C58220020FBD2 /* Build configuration list for PBXNativeTarget "line-trip-listUITests" */ = {
			isa = XCConfigurationList;
			buildConfigurations = (
				99D89D0C2E8C58220020FBD2 /* Debug */,
				99D89D0D2E8C58220020FBD2 /* Release */,
			);
			defaultConfigurationIsVisible = 0;
			defaultConfigurationName = Release;
		};
/* End XCConfigurationList section */

/* Begin XCRemoteSwiftPackageReference section */
		999930582EC0E00C0070C591 /* XCRemoteSwiftPackageReference "line-sdk-ios-swift" */ = {
			isa = XCRemoteSwiftPackageReference;
			repositoryURL = "https://github.com/line/line-sdk-ios-swift.git";
			requirement = {
				kind = upToNextMajorVersion;
				minimumVersion = 5.14.0;
			};
		};
/* End XCRemoteSwiftPackageReference section */

/* Begin XCSwiftPackageProductDependency section */
		999930592EC0E00C0070C591 /* LineSDK */ = {
			isa = XCSwiftPackageProductDependency;
			package = 999930582EC0E00C0070C591 /* XCRemoteSwiftPackageReference "line-sdk-ios-swift" */;
			productName = LineSDK;
		};
		9999305B2EC0E00C0070C591 /* LineSDKObjC */ = {
			isa = XCSwiftPackageProductDependency;
			package = 999930582EC0E00C0070C591 /* XCRemoteSwiftPackageReference "line-sdk-ios-swift" */;
			productName = LineSDKObjC;
		};
/* End XCSwiftPackageProductDependency section */
	};
	rootObject = 99D89CD72E8C581F0020FBD2 /* Project object */;
}
